{
  "version": 4,
  "terraform_version": "1.0.0",
  "serial": 75,
  "lineage": "b6793dcd-3973-8e26-0043-6c57edfc185f",
  "outputs": {},
  "resources": [
    {
      "mode": "managed",
      "type": "azurerm_resource_group",
      "name": "main",
      "provider": "provider[\"registry.terraform.io/hashicorp/azurerm\"]",
      "instances": [
        {
          "schema_version": 0,
          "attributes": {
            "id": "/subscriptions/69db55bf-ce01-41dc-98e5-923f99ac5ad0/resourceGroups/tfvmex-resources",
            "location": "uksouth",
            "name": "tfvmex-resources",
            "tags": {},
            "timeouts": null
          },
          "sensitive_attributes": [],
          "private": "eyJlMmJmYjczMC1lY2FhLTExZTYtOGY4OC0zNDM2M2JjN2M0YzAiOnsiY3JlYXRlIjo1NDAwMDAwMDAwMDAwLCJkZWxldGUiOjU0MDAwMDAwMDAwMDAsInJlYWQiOjMwMDAwMDAwMDAwMCwidXBkYXRlIjo1NDAwMDAwMDAwMDAwfX0="
        }
      ]
    },
    {
      "mode": "managed",
      "type": "azurerm_virtual_network",
      "name": "main",
      "provider": "provider[\"registry.terraform.io/hashicorp/azurerm\"]",
      "instances": [
        {
          "schema_version": 0,
          "attributes": {
            "address_space": [
              "10.0.0.0/16"
            ],
            "bgp_community": "",
            "ddos_protection_plan": [],
            "dns_servers": [],
            "guid": "51d83176-5bc6-4d5c-8089-b749d11ab9be",
            "id": "/subscriptions/69db55bf-ce01-41dc-98e5-923f99ac5ad0/resourceGroups/tfvmex-resources/providers/Microsoft.Network/virtualNetworks/tfvmex-network",
            "location": "uksouth",
            "name": "tfvmex-network",
            "resource_group_name": "tfvmex-resources",
            "subnet": [
              {
                "address_prefix": "10.0.2.0/24",
                "id": "/subscriptions/69db55bf-ce01-41dc-98e5-923f99ac5ad0/resourceGroups/tfvmex-resources/providers/Microsoft.Network/virtualNetworks/tfvmex-network/subnets/internal",
                "name": "internal",
                "security_group": ""
              },
              {
                "address_prefix": "10.0.3.0/27",
                "id": "/subscriptions/69db55bf-ce01-41dc-98e5-923f99ac5ad0/resourceGroups/tfvmex-resources/providers/Microsoft.Network/virtualNetworks/tfvmex-network/subnets/AzureBastionSubnet",
                "name": "AzureBastionSubnet",
                "security_group": ""
              }
            ],
            "tags": {},
            "timeouts": null,
            "vm_protection_enabled": false
          },
          "sensitive_attributes": [],
          "private": "eyJlMmJmYjczMC1lY2FhLTExZTYtOGY4OC0zNDM2M2JjN2M0YzAiOnsiY3JlYXRlIjoxODAwMDAwMDAwMDAwLCJkZWxldGUiOjE4MDAwMDAwMDAwMDAsInJlYWQiOjMwMDAwMDAwMDAwMCwidXBkYXRlIjoxODAwMDAwMDAwMDAwfX0=",
          "dependencies": [
            "azurerm_resource_group.main"
          ]
        }
      ]
    }
  ]
}
